
Microsoft Visual Studio Solution File, Format Version 11.00
# Visual Studio 2010
Project("{FAE04EC0-301F-11D3-BF4B-00C04F79EFBC}") = "Blackjack", "Blackjack\Blackjack.csproj", "{59FA47E6-B418-4E99-8A86-CB75ACD44F70}"
EndProject
Project("{FAE04EC0-301F-11D3-BF4B-00C04F79EFBC}") = "Cards", "Cards\Cards.csproj", "{5D2F5856-A068-4629-AC36-BBEF717BF8BD}"
EndProject
Global
	GlobalSection(SolutionConfigurationPlatforms) = preSolution
		Debug|Any CPU = Debug|Any CPU
		Release|Any CPU = Release|Any CPU
	EndGlobalSection
	GlobalSection(ProjectConfigurationPlatforms) = postSolution
		{59FA47E6-B418-4E99-8A86-CB75ACD44F70}.Debug|Any CPU.ActiveCfg = Debug|Any CPU
		{59FA47E6-B418-4E99-8A86-CB75ACD44F70}.Debug|Any CPU.Build.0 = Debug|Any CPU
		{59FA47E6-B418-4E99-8A86-CB75ACD44F70}.Release|Any CPU.ActiveCfg = Release|Any CPU
		{59FA47E6-B418-4E99-8A86-CB75ACD44F70}.Release|Any CPU.Build.0 = Release|Any CPU
		{5D2F5856-A068-4629-AC36-BBEF717BF8BD}.Debug|Any CPU.ActiveCfg = Debug|Any CPU
		{5D2F5856-A068-4629-AC36-BBEF717BF8BD}.Debug|Any CPU.Build.0 = Debug|Any CPU
		{5D2F5856-A068-4629-AC36-BBEF717BF8BD}.Release|Any CPU.ActiveCfg = Release|Any CPU
		{5D2F5856-A068-4629-AC36-BBEF717BF8BD}.Release|Any CPU.Build.0 = Release|Any CPU
	EndGlobalSection
	GlobalSection(SolutionProperties) = preSolution
		HideSolutionNode = FALSE
	EndGlobalSection
EndGlobal
